<?xml version="1.0" encoding="utf-8"?>
<Project ToolsVersion="4.0" xmlns="http://schemas.microsoft.com/developer/msbuild/2003">
  <ItemGroup>
    <Filter Include="Source Files">
      <UniqueIdentifier>{bfbd60b9-4946-4fd6-9b04-8c77b43b1dc6}</UniqueIdentifier>
      <Extensions>cpp;c;cxx;rc;def;r;odl;idl;hpj;bat</Extensions>
    </Filter>
    <Filter Include="Header Files">
      <UniqueIdentifier>{7405c1ee-7a10-45c7-9281-d012d64569f8}</UniqueIdentifier>
      <Extensions>h;hpp;hxx;hm;inl</Extensions>
    </Filter>
    <Filter Include="OS Depend Headers">
      <UniqueIdentifier>{7fddd547-7d0e-4168-8c97-9b6ec425c7c0}</UniqueIdentifier>
      <Extensions>h;hpp;hxx;hm;inl</Extensions>
    </Filter>
    <Filter Include="OS Depend Sources">
      <UniqueIdentifier>{5e71ea00-000e-4c8b-b43b-b130c55f2955}</UniqueIdentifier>
      <Extensions>cpp;c;cxx;rc;def;r;odl;idl;hpj;bat</Extensions>
    </Filter>
  </ItemGroup>
  <ItemGroup>
    <ClCompile Include="..\ConConf.c">
      <Filter>Source Files</Filter>
    </ClCompile>
    <ClCompile Include="..\DateTime.c">
      <Filter>Source Files</Filter>
    </ClCompile>
    <ClCompile Include="..\DumpFunc.c">
      <Filter>Source Files</Filter>
    </ClCompile>
    <ClCompile Include="..\Log.c">
      <Filter>Source Files</Filter>
    </ClCompile>
    <ClCompile Include="..\osdeps\osutil.c">
      <Filter>Source Files</Filter>
    </ClCompile>
    <ClCompile Include="..\TimeType.c">
      <Filter>Source Files</Filter>
    </ClCompile>
    <ClCompile Include="..\Trace.c">
      <Filter>Source Files</Filter>
    </ClCompile>
    <ClCompile Include="..\osdeps\win32\FileCache.c">
      <Filter>OS Depend Sources</Filter>
    </ClCompile>
    <ClCompile Include="..\osdeps\win32\getopt.c">
      <Filter>OS Depend Sources</Filter>
    </ClCompile>
    <ClCompile Include="..\osdeps\win32\getopt1.c">
      <Filter>OS Depend Sources</Filter>
    </ClCompile>
  </ItemGroup>
  <ItemGroup>
    <ClInclude Include="..\Base.h">
      <Filter>Header Files</Filter>
    </ClInclude>
    <ClInclude Include="..\ConConf.h">
      <Filter>Header Files</Filter>
    </ClInclude>
    <ClInclude Include="..\DateTime.h">
      <Filter>Header Files</Filter>
    </ClInclude>
    <ClInclude Include="..\DumpFunc.h">
      <Filter>Header Files</Filter>
    </ClInclude>
    <ClInclude Include="..\Log.h">
      <Filter>Header Files</Filter>
    </ClInclude>
    <ClInclude Include="..\osdeps\osutil.h">
      <Filter>Header Files</Filter>
    </ClInclude>
    <ClInclude Include="..\TimeType.h">
      <Filter>Header Files</Filter>
    </ClInclude>
    <ClInclude Include="..\Trace.h">
      <Filter>Header Files</Filter>
    </ClInclude>
    <ClInclude Include="..\osdeps\FileCache.h">
      <Filter>OS Depend Headers</Filter>
    </ClInclude>
    <ClInclude Include="..\osdeps\win32\getopt_win.h">
      <Filter>OS Depend Headers</Filter>
    </ClInclude>
  </ItemGroup>
</Project>